
Microsoft Visual Studio Solution File, Format Version 12.00
# Visual Studio Version 17
VisualStudioVersion = 17.11.34929.205
MinimumVisualStudioVersion = 10.0.40219.1
Project("{FAE04EC0-301F-11D3-BF4B-00C04F79EFBC}") = "ASPNETCoreIdentityDemo", "ASPNETCoreIdentityDemo\ASPNETCoreIdentityDemo.csproj", "{E83FC954-DF81-4697-9CD2-77E37C3FD2AE}"
EndProject
Global
	GlobalSection(SolutionConfigurationPlatforms) = preSolution
		Debug|Any CPU = Debug|Any CPU
		Release|Any CPU = Release|Any CPU
	EndGlobalSection
	GlobalSection(ProjectConfigurationPlatforms) = postSolution
		{E83FC954-DF81-4697-9CD2-77E37C3FD2AE}.Debug|Any CPU.ActiveCfg = Debug|Any CPU
		{E83FC954-DF81-4697-9CD2-77E37C3FD2AE}.Debug|Any CPU.Build.0 = Debug|Any CPU
		{E83FC954-DF81-4697-9CD2-77E37C3FD2AE}.Release|Any CPU.ActiveCfg = Release|Any CPU
		{E83FC954-DF81-4697-9CD2-77E37C3FD2AE}.Release|Any CPU.Build.0 = Release|Any CPU
	EndGlobalSection
	GlobalSection(SolutionProperties) = preSolution
		HideSolutionNode = FALSE
	EndGlobalSection
	GlobalSection(ExtensibilityGlobals) = postSolution
		SolutionGuid = {9A6E04A5-6F51-472E-927C-026A2676FBF4}
	EndGlobalSection
EndGlobal
